{"is_source_file": false, "format": "", "description": "", "external_files": [], "external_methods": [], "published": [], "classes": [], "methods": [], "calls": [], "search-terms": [], "state": 2, "file_id": 17, "knowledge_revision": 35, "git_revision": "cbf197c89c1f96b6ed01c787329e3e36ec8b1dfb", "filename": "/home/kavia/workspace/code-generation/trainease-mobile-5834-5867/trainease_mobile/post_process_status.lock", "hash": "9c4ed7ef73e22b872b8055bec08b8979", "format-version": 4, "code-base-name": "default", "revision_history": [{"35": "cbf197c89c1f96b6ed01c787329e3e36ec8b1dfb"}]}